# This file is automatically @generated by Poetry 2.4.1 and should not be changed by hand.

[[package]]
name = "codespell"
version = "2.4.3"
description = "Fix common misspellings in text files"
optional = false
python-versions = ">=3.9"
groups = ["dev"]
files = [
    {file = "codespell-2.4.3-py3-none-any.whl", hash = "sha256:af2505b335e8573dbd2d384d1c4ef498f4006f4ba2d6fceca01e55b91f52628a"},
    {file = "codespell-2.4.3.tar.gz", hash = "sha256:cbe085e331227b37bb86ef8bddd08dc768c704ee9a07ca869852c093fa2793e2"},
]

[package.extras]
hard-encoding-detection = ["chardet"]
toml = ["tomli ; python_version < \"3.11\""]

[metadata]
lock-version = "2.1"
python-versions = "^3.9"
content-hash = "c4efb8814292d197f274ad3124d1199ba11d9b52ea3e5169dbffc0c4c3c61a9e"
